
Microsoft Visual Studio Solution File, Format Version 12.00
# Visual Studio 15
VisualStudioVersion = 15.0.28010.2016
MinimumVisualStudioVersion = 10.0.40219.1
Project("{FAE04EC0-301F-11D3-BF4B-00C04F79EFBC}") = "Class Project", "Class Project\Class Project.csproj", "{AC591718-24B1-456D-A531-2E923B93182B}"
EndProject
Global
	GlobalSection(SolutionConfigurationPlatforms) = preSolution
		Debug|Any CPU = Debug|Any CPU
		Release|Any CPU = Release|Any CPU
	EndGlobalSection
	GlobalSection(ProjectConfigurationPlatforms) = postSolution
		{AC591718-24B1-456D-A531-2E923B93182B}.Debug|Any CPU.ActiveCfg = Debug|Any CPU
		{AC591718-24B1-456D-A531-2E923B93182B}.Debug|Any CPU.Build.0 = Debug|Any CPU
		{AC591718-24B1-456D-A531-2E923B93182B}.Release|Any CPU.ActiveCfg = Release|Any CPU
		{AC591718-24B1-456D-A531-2E923B93182B}.Release|Any CPU.Build.0 = Release|Any CPU
	EndGlobalSection
	GlobalSection(SolutionProperties) = preSolution
		HideSolutionNode = FALSE
	EndGlobalSection
	GlobalSection(ExtensibilityGlobals) = postSolution
		SolutionGuid = {41B69F04-0F38-4397-925B-EFF26A078DE7}
	EndGlobalSection
EndGlobal
